<?xml version="1.0" encoding="utf-8"?>
<Project ToolsVersion="4.0" xmlns="http://schemas.microsoft.com/developer/msbuild/2003">
  <ItemGroup>
    <Filter Include="Source Files">
      <UniqueIdentifier>{4FC737F1-C7A5-4376-A066-2A32D752A2FF}</UniqueIdentifier>
      <Extensions>cpp;c;cc;cxx;def;odl;idl;hpj;bat;asm;asmx</Extensions>
    </Filter>
    <Filter Include="Header Files">
      <UniqueIdentifier>{93995380-89BD-4b04-88EB-625FBE52EBFB}</UniqueIdentifier>
      <Extensions>h;hh;hpp;hxx;hm;inl;inc;ipp;xsd</Extensions>
    </Filter>
    <Filter Include="Resource Files">
      <UniqueIdentifier>{67DA6AB6-F800-4c08-8B7A-83BB121AAD01}</UniqueIdentifier>
      <Extensions>rc;ico;cur;bmp;dlg;rc2;rct;bin;rgs;gif;jpg;jpeg;jpe;resx;tiff;tif;png;wav;mfcribbon-ms</Extensions>
    </Filter>
    <Filter Include="Source Files\Textures %28CPP%29">
      <UniqueIdentifier>{d33bc7c7-8f99-43bf-90b4-d82bfaa3a4cc}</UniqueIdentifier>
    </Filter>
    <Filter Include="Header Files\Textures %28H%29">
      <UniqueIdentifier>{39034c86-553b-4e2e-bdcd-21f16118a5bb}</UniqueIdentifier>
    </Filter>
    <Filter Include="Header Files\Textures %28H%29\.png %28H%29">
      <UniqueIdentifier>{ae37862a-fcf2-4185-a11e-43f01356c857}</UniqueIdentifier>
    </Filter>
    <Filter Include="Header Files\Textures %28H%29\.jpg %28H%29">
      <UniqueIdentifier>{b5837655-d087-4108-a427-d96be1d42bbc}</UniqueIdentifier>
    </Filter>
    <Filter Include="Source Files\Textures %28CPP%29\.png %28CPP%29">
      <UniqueIdentifier>{fb2f544d-0591-47aa-abfe-af16372ff548}</UniqueIdentifier>
    </Filter>
    <Filter Include="Source Files\Textures %28CPP%29\.jpg %28CPP%29">
      <UniqueIdentifier>{8142e93a-acd4-48bd-9236-ae72ca1309d0}</UniqueIdentifier>
    </Filter>
  </ItemGroup>
  <ItemGroup>
    <ClCompile Include="Sokol\d3d11entry.c">
      <Filter>Source Files</Filter>
    </ClCompile>
    <ClCompile Include="ResourceManager\FormatLoaders\LodePNG.cpp">
      <Filter>Source Files\Textures %28CPP%29\.png %28CPP%29</Filter>
    </ClCompile>
    <ClCompile Include="ResourceManager\FormatLoaders\JPGLoader.cpp">
      <Filter>Source Files\Textures %28CPP%29\.jpg %28CPP%29</Filter>
    </ClCompile>
    <ClCompile Include="ResourceManager\FormatLoaders\PNGLoader.cpp">
      <Filter>Source Files\Textures %28CPP%29\.png %28CPP%29</Filter>
    </ClCompile>
    <ClCompile Include="ResourceManager\FormatLoaders\OBJLoader.cpp">
      <Filter>Source Files</Filter>
    </ClCompile>
    <ClCompile Include="ResourceManager\ResourceManager.cpp">
      <Filter>Source Files</Filter>
    </ClCompile>
    <ClCompile Include="ResourceManager\Main.cpp">
      <Filter>Source Files</Filter>
    </ClCompile>
    <ClCompile Include="texcube-d3d11.cpp">
      <Filter>Source Files</Filter>
    </ClCompile>
    <ClCompile Include="Sokol\Objects\Transform.cpp">
      <Filter>Source Files</Filter>
    </ClCompile>
  </ItemGroup>
  <ItemGroup>
    <ClInclude Include="Defines.h">
      <Filter>Header Files</Filter>
    </ClInclude>
    <ClInclude Include="Sokol\d3d11entry.h">
      <Filter>Header Files</Filter>
    </ClInclude>
    <ClInclude Include="Sokol\HandmadeMath.h">
      <Filter>Header Files</Filter>
    </ClInclude>
    <ClInclude Include="ResourceManager\FormatLoaders\LodePNG.h">
      <Filter>Header Files</Filter>
    </ClInclude>
    <ClInclude Include="ResourceManager\FormatLoaders\JPGLoader.h">
      <Filter>Header Files\Textures %28H%29\.jpg %28H%29</Filter>
    </ClInclude>
    <ClInclude Include="ResourceManager\FormatLoaders\FormatLoader.h">
      <Filter>Header Files</Filter>
    </ClInclude>
    <ClInclude Include="ResourceManager\FormatLoaders\OBJLoader.h">
      <Filter>Header Files</Filter>
    </ClInclude>
    <ClInclude Include="ResourceManager\FormatLoaders\PNGLoader.h">
      <Filter>Header Files\Textures %28H%29\.png %28H%29</Filter>
    </ClInclude>
    <ClInclude Include="ResourceManager\ResourceManager.h">
      <Filter>Header Files</Filter>
    </ClInclude>
    <ClInclude Include="Sokol\sokol_gfx.h">
      <Filter>Header Files</Filter>
    </ClInclude>
    <ClInclude Include="ResourceManager\Resources\TextureResource.h">
      <Filter>Header Files\Textures %28H%29</Filter>
    </ClInclude>
    <ClInclude Include="ResourceManager\Resources\Resource.h">
      <Filter>Header Files</Filter>
    </ClInclude>
    <ClInclude Include="Sokol\Objects\Transform.hpp">
      <Filter>Header Files</Filter>
    </ClInclude>
    <ClInclude Include="ResourceManager\FormatLoaders\CImg.h">
      <Filter>Header Files\Textures %28H%29\.jpg %28H%29</Filter>
    </ClInclude>
  </ItemGroup>
</Project>